
Microsoft Visual Studio Solution File, Format Version 12.00
# Visual Studio 2012
Project("{FAE04EC0-301F-11D3-BF4B-00C04F79EFBC}") = "BBRTokenizer", "BBRTokenizer\BBRTokenizer.csproj", "{F160125C-9209-422F-B922-C43F7D9546E9}"
EndProject
Project("{FAE04EC0-301F-11D3-BF4B-00C04F79EFBC}") = "Compiler", "Compiler\Compiler.csproj", "{23DEA636-0DD9-4C67-BE88-E918D0B84332}"
EndProject
Global
	GlobalSection(SolutionConfigurationPlatforms) = preSolution
		Debug|Any CPU = Debug|Any CPU
		Release|Any CPU = Release|Any CPU
	EndGlobalSection
	GlobalSection(ProjectConfigurationPlatforms) = postSolution
		{F160125C-9209-422F-B922-C43F7D9546E9}.Debug|Any CPU.ActiveCfg = Debug|Any CPU
		{F160125C-9209-422F-B922-C43F7D9546E9}.Debug|Any CPU.Build.0 = Debug|Any CPU
		{F160125C-9209-422F-B922-C43F7D9546E9}.Release|Any CPU.ActiveCfg = Release|Any CPU
		{F160125C-9209-422F-B922-C43F7D9546E9}.Release|Any CPU.Build.0 = Release|Any CPU
		{23DEA636-0DD9-4C67-BE88-E918D0B84332}.Debug|Any CPU.ActiveCfg = Debug|Any CPU
		{23DEA636-0DD9-4C67-BE88-E918D0B84332}.Debug|Any CPU.Build.0 = Debug|Any CPU
		{23DEA636-0DD9-4C67-BE88-E918D0B84332}.Release|Any CPU.ActiveCfg = Release|Any CPU
		{23DEA636-0DD9-4C67-BE88-E918D0B84332}.Release|Any CPU.Build.0 = Release|Any CPU
	EndGlobalSection
	GlobalSection(SolutionProperties) = preSolution
		HideSolutionNode = FALSE
	EndGlobalSection
EndGlobal
